// !$*UTF8*$!
{
	archiveVersion = 1;
	classes = {
	};
	objectVersion = 50;
	objects = {

/* Begin PBXBuildFile section */
		E94B943624B01F010022E19C /* SearchBarListViewApp.swift in Sources */ = {isa = PBXBuildFile; fileRef = E94B943524B01F010022E19C /* SearchBarListViewApp.swift */; };
		E94B943824B01F010022E19C /* ContentView.swift in Sources */ = {isa = PBXBuildFile; fileRef = E94B943724B01F010022E19C /* ContentView.swift */; };
		E94B943A24B01F030022E19C /* Assets.xcassets in Resources */ = {isa = PBXBuildFile; fileRef = E94B943924B01F030022E19C /* Assets.xcassets */; };
		E94B943D24B01F030022E19C /* Preview Assets.xcassets in Resources */ = {isa = PBXBuildFile; fileRef = E94B943C24B01F030022E19C /* Preview Assets.xcassets */; };
		E94B944524B01F930022E19C /* PhoneCell.swift in Sources */ = {isa = PBXBuildFile; fileRef = E94B944424B01F930022E19C /* PhoneCell.swift */; };
		E94B944724B01FC50022E19C /* Phone.swift in Sources */ = {isa = PBXBuildFile; fileRef = E94B944624B01FC50022E19C /* Phone.swift */; };
		E94B944924B020290022E19C /* PhoneDetail.swift in Sources */ = {isa = PBXBuildFile; fileRef = E94B944824B020290022E19C /* PhoneDetail.swift */; };
		E94B944B24B021080022E19C /* SearchBar.swift in Sources */ = {isa = PBXBuildFile; fileRef = E94B944A24B021080022E19C /* SearchBar.swift */; };
/* End PBXBuildFile section */

/* Begin PBXFileReference section */
		E94B943224B01F010022E19C /* SearchBarListView.app */ = {isa = PBXFileReference; explicitFileType = wrapper.application; includeInIndex = 0; path = SearchBarListView.app; sourceTree = BUILT_PRODUCTS_DIR; };
		E94B943524B01F010022E19C /* SearchBarListViewApp.swift */ = {isa = PBXFileReference; lastKnownFileType = sourcecode.swift; path = SearchBarListViewApp.swift; sourceTree = "<group>"; };
		E94B943724B01F010022E19C /* ContentView.swift */ = {isa = PBXFileReference; lastKnownFileType = sourcecode.swift; path = ContentView.swift; sourceTree = "<group>"; };
		E94B943924B01F030022E19C /* Assets.xcassets */ = {isa = PBXFileReference; lastKnownFileType = folder.assetcatalog; path = Assets.xcassets; sourceTree = "<group>"; };
		E94B943C24B01F030022E19C /* Preview Assets.xcassets */ = {isa = PBXFileReference; lastKnownFileType = folder.assetcatalog; path = "Preview Assets.xcassets"; sourceTree = "<group>"; };
		E94B943E24B01F030022E19C /* Info.plist */ = {isa = PBXFileReference; lastKnownFileType = text.plist.xml; path = Info.plist; sourceTree = "<group>"; };
		E94B944424B01F930022E19C /* PhoneCell.swift */ = {isa = PBXFileReference; lastKnownFileType = sourcecode.swift; path = PhoneCell.swift; sourceTree = "<group>"; };
		E94B944624B01FC50022E19C /* Phone.swift */ = {isa = PBXFileReference; lastKnownFileType = sourcecode.swift; path = Phone.swift; sourceTree = "<group>"; };
		E94B944824B020290022E19C /* PhoneDetail.swift */ = {isa = PBXFileReference; lastKnownFileType = sourcecode.swift; path = PhoneDetail.swift; sourceTree = "<group>"; };
		E94B944A24B021080022E19C /* SearchBar.swift */ = {isa = PBXFileReference; lastKnownFileType = sourcecode.swift; path = SearchBar.swift; sourceTree = "<group>"; };
/* End PBXFileReference section */

/* Begin PBXFrameworksBuildPhase section */
		E94B942F24B01F010022E19C /* Frameworks */ = {
			isa = PBXFrameworksBuildPhase;
			buildActionMask = 2147483647;
			files = (
			);
			runOnlyForDeploymentPostprocessing = 0;
		};
/* End PBXFrameworksBuildPhase section */

/* Begin PBXGroup section */
		E94B942924B01F010022E19C = {
			isa = PBXGroup;
			children = (
				E94B944A24B021080022E19C /* SearchBar.swift */,
				E94B944824B020290022E19C /* PhoneDetail.swift */,
				E94B943424B01F010022E19C /* SearchBarListView */,
				E94B943324B01F010022E19C /* Products */,
			);
			sourceTree = "<group>";
		};
		E94B943324B01F010022E19C /* Products */ = {
			isa = PBXGroup;
			children = (
				E94B943224B01F010022E19C /* SearchBarListView.app */,
			);
			name = Products;
			sourceTree = "<group>";
		};
		E94B943424B01F010022E19C /* SearchBarListView */ = {
			isa = PBXGroup;
			children = (
				E94B943524B01F010022E19C /* SearchBarListViewApp.swift */,
				E94B943724B01F010022E19C /* ContentView.swift */,
				E94B944624B01FC50022E19C /* Phone.swift */,
				E94B944424B01F930022E19C /* PhoneCell.swift */,
				E94B943924B01F030022E19C /* Assets.xcassets */,
				E94B943E24B01F030022E19C /* Info.plist */,
				E94B943B24B01F030022E19C /* Preview Content */,
			);
			path = SearchBarListView;
			sourceTree = "<group>";
		};
		E94B943B24B01F030022E19C /* Preview Content */ = {
			isa = PBXGroup;
			children = (
				E94B943C24B01F030022E19C /* Preview Assets.xcassets */,
			);
			path = "Preview Content";
			sourceTree = "<group>";
		};
/* End PBXGroup section */

/* Begin PBXNativeTarget section */
		E94B943124B01F010022E19C /* SearchBarListView */ = {
			isa = PBXNativeTarget;
			buildConfigurationList = E94B944124B01F030022E19C /* Build configuration list for PBXNativeTarget "SearchBarListView" */;
			buildPhases = (
				E94B942E24B01F010022E19C /* Sources */,
				E94B942F24B01F010022E19C /* Frameworks */,
				E94B943024B01F010022E19C /* Resources */,
			);
			buildRules = (
			);
			dependencies = (
			);
			name = SearchBarListView;
			productName = SearchBarListView;
			productReference = E94B943224B01F010022E19C /* SearchBarListView.app */;
			productType = "com.apple.product-type.application";
		};
/* End PBXNativeTarget section */

/* Begin PBXProject section */
		E94B942A24B01F010022E19C /* Project object */ = {
			isa = PBXProject;
			attributes = {
				LastSwiftUpdateCheck = 1200;
				LastUpgradeCheck = 1200;
				TargetAttributes = {
					E94B943124B01F010022E19C = {
						CreatedOnToolsVersion = 12.0;
					};
				};
			};
			buildConfigurationList = E94B942D24B01F010022E19C /* Build configuration list for PBXProject "SearchBarListView" */;
			compatibilityVersion = "Xcode 9.3";
			developmentRegion = en;
			hasScannedForEncodings = 0;
			knownRegions = (
				en,
				Base,
			);
			mainGroup = E94B942924B01F010022E19C;
			productRefGroup = E94B943324B01F010022E19C /* Products */;
			projectDirPath = "";
			projectRoot = "";
			targets = (
				E94B943124B01F010022E19C /* SearchBarListView */,
			);
		};
/* End PBXProject section */

/* Begin PBXResourcesBuildPhase section */
		E94B943024B01F010022E19C /* Resources */ = {
			isa = PBXResourcesBuildPhase;
			buildActionMask = 2147483647;
			files = (
				E94B943D24B01F030022E19C /* Preview Assets.xcassets in Resources */,
				E94B943A24B01F030022E19C /* Assets.xcassets in Resources */,
			);
			runOnlyForDeploymentPostprocessing = 0;
		};
/* End PBXResourcesBuildPhase section */

/* Begin PBXSourcesBuildPhase section */
		E94B942E24B01F010022E19C /* Sources */ = {
			isa = PBXSourcesBuildPhase;
			buildActionMask = 2147483647;
			files = (
				E94B944924B020290022E19C /* PhoneDetail.swift in Sources */,
				E94B944724B01FC50022E19C /* Phone.swift in Sources */,
				E94B943824B01F010022E19C /* ContentView.swift in Sources */,
				E94B943624B01F010022E19C /* SearchBarListViewApp.swift in Sources */,
				E94B944524B01F930022E19C /* PhoneCell.swift in Sources */,
				E94B944B24B021080022E19C /* SearchBar.swift in Sources */,
			);
			runOnlyForDeploymentPostprocessing = 0;
		};
/* End PBXSourcesBuildPhase section */

/* Begin XCBuildConfiguration section */
		E94B943F24B01F030022E19C /* Debug */ = {
			isa = XCBuildConfiguration;
			buildSettings = {
				ALWAYS_SEARCH_USER_PATHS = NO;
				CLANG_ANALYZER_NONNULL = YES;
				CLANG_ANALYZER_NUMBER_OBJECT_CONVERSION = YES_AGGRESSIVE;
				CLANG_CXX_LANGUAGE_STANDARD = "gnu++14";
				CLANG_CXX_LIBRARY = "libc++";
				CLANG_ENABLE_MODULES = YES;
				CLANG_ENABLE_OBJC_ARC = YES;
				CLANG_ENABLE_OBJC_WEAK = YES;
				CLANG_WARN_BLOCK_CAPTURE_AUTORELEASING = YES;
				CLANG_WARN_BOOL_CONVERSION = YES;
				CLANG_WARN_COMMA = YES;
				CLANG_WARN_CONSTANT_CONVERSION = YES;
				CLANG_WARN_DEPRECATED_OBJC_IMPLEMENTATIONS = YES;
				CLANG_WARN_DIRECT_OBJC_ISA_USAGE = YES_ERROR;
				CLANG_WARN_DOCUMENTATION_COMMENTS = YES;
				CLANG_WARN_EMPTY_BODY = YES;
				CLANG_WARN_ENUM_CONVERSION = YES;
				CLANG_WARN_INFINITE_RECURSION = YES;
				CLANG_WARN_INT_CONVERSION = YES;
				CLANG_WARN_NON_LITERAL_NULL_CONVERSION = YES;
				CLANG_WARN_OBJC_IMPLICIT_RETAIN_SELF = YES;
				CLANG_WARN_OBJC_LITERAL_CONVERSION = YES;
				CLANG_WARN_OBJC_ROOT_CLASS = YES_ERROR;
				CLANG_WARN_QUOTED_INCLUDE_IN_FRAMEWORK_HEADER = YES;
				CLANG_WARN_RANGE_LOOP_ANALYSIS = YES;
				CLANG_WARN_STRICT_PROTOTYPES = YES;
				CLANG_WARN_SUSPICIOUS_MOVE = YES;
				CLANG_WARN_UNGUARDED_AVAILABILITY = YES_AGGRESSIVE;
				CLANG_WARN_UNREACHABLE_CODE = YES;
				CLANG_WARN__DUPLICATE_METHOD_MATCH = YES;
				COPY_PHASE_STRIP = NO;
				DEBUG_INFORMATION_FORMAT = dwarf;
				ENABLE_STRICT_OBJC_MSGSEND = YES;
				ENABLE_TESTABILITY = YES;
				GCC_C_LANGUAGE_STANDARD = gnu11;
				GCC_DYNAMIC_NO_PIC = NO;
				GCC_NO_COMMON_BLOCKS = YES;
				GCC_OPTIMIZATION_LEVEL = 0;
				GCC_PREPROCESSOR_DEFINITIONS = (
					"DEBUG=1",
					"$(inherited)",
				);
				GCC_WARN_64_TO_32_BIT_CONVERSION = YES;
				GCC_WARN_ABOUT_RETURN_TYPE = YES_ERROR;
				GCC_WARN_UNDECLARED_SELECTOR = YES;
				GCC_WARN_UNINITIALIZED_AUTOS = YES_AGGRESSIVE;
				GCC_WARN_UNUSED_FUNCTION = YES;
				GCC_WARN_UNUSED_VARIABLE = YES;
				IPHONEOS_DEPLOYMENT_TARGET = 14.0;
				MTL_ENABLE_DEBUG_INFO = INCLUDE_SOURCE;
				MTL_FAST_MATH = YES;
				ONLY_ACTIVE_ARCH = YES;
				SDKROOT = iphoneos;
				SWIFT_ACTIVE_COMPILATION_CONDITIONS = DEBUG;
				SWIFT_OPTIMIZATION_LEVEL = "-Onone";
			};
			name = Debug;
		};
		E94B944024B01F030022E19C /* Release */ = {
			isa = XCBuildConfiguration;
			buildSettings = {
				ALWAYS_SEARCH_USER_PATHS = NO;
				CLANG_ANALYZER_NONNULL = YES;
				CLANG_ANALYZER_NUMBER_OBJECT_CONVERSION = YES_AGGRESSIVE;
				CLANG_CXX_LANGUAGE_STANDARD = "gnu++14";
				CLANG_CXX_LIBRARY = "libc++";
				CLANG_ENABLE_MODULES = YES;
				CLANG_ENABLE_OBJC_ARC = YES;
				CLANG_ENABLE_OBJC_WEAK = YES;
				CLANG_WARN_BLOCK_CAPTURE_AUTORELEASING = YES;
				CLANG_WARN_BOOL_CONVERSION = YES;
				CLANG_WARN_COMMA = YES;
				CLANG_WARN_CONSTANT_CONVERSION = YES;
				CLANG_WARN_DEPRECATED_OBJC_IMPLEMENTATIONS = YES;
				CLANG_WARN_DIRECT_OBJC_ISA_USAGE = YES_ERROR;
				CLANG_WARN_DOCUMENTATION_COMMENTS = YES;
				CLANG_WARN_EMPTY_BODY = YES;
				CLANG_WARN_ENUM_CONVERSION = YES;
				CLANG_WARN_INFINITE_RECURSION = YES;
				CLANG_WARN_INT_CONVERSION = YES;
				CLANG_WARN_NON_LITERAL_NULL_CONVERSION = YES;
				CLANG_WARN_OBJC_IMPLICIT_RETAIN_SELF = YES;
				CLANG_WARN_OBJC_LITERAL_CONVERSION = YES;
				CLANG_WARN_OBJC_ROOT_CLASS = YES_ERROR;
				CLANG_WARN_QUOTED_INCLUDE_IN_FRAMEWORK_HEADER = YES;
				CLANG_WARN_RANGE_LOOP_ANALYSIS = YES;
				CLANG_WARN_STRICT_PROTOTYPES = YES;
				CLANG_WARN_SUSPICIOUS_MOVE = YES;
				CLANG_WARN_UNGUARDED_AVAILABILITY = YES_AGGRESSIVE;
				CLANG_WARN_UNREACHABLE_CODE = YES;
				CLANG_WARN__DUPLICATE_METHOD_MATCH = YES;
				COPY_PHASE_STRIP = NO;
				DEBUG_INFORMATION_FORMAT = "dwarf-with-dsym";
				ENABLE_NS_ASSERTIONS = NO;
				ENABLE_STRICT_OBJC_MSGSEND = YES;
				GCC_C_LANGUAGE_STANDARD = gnu11;
				GCC_NO_COMMON_BLOCKS = YES;
				GCC_WARN_64_TO_32_BIT_CONVERSION = YES;
				GCC_WARN_ABOUT_RETURN_TYPE = YES_ERROR;
				GCC_WARN_UNDECLARED_SELECTOR = YES;
				GCC_WARN_UNINITIALIZED_AUTOS = YES_AGGRESSIVE;
				GCC_WARN_UNUSED_FUNCTION = YES;
				GCC_WARN_UNUSED_VARIABLE = YES;
				IPHONEOS_DEPLOYMENT_TARGET = 14.0;
				MTL_ENABLE_DEBUG_INFO = NO;
				MTL_FAST_MATH = YES;
				SDKROOT = iphoneos;
				SWIFT_COMPILATION_MODE = wholemodule;
				SWIFT_OPTIMIZATION_LEVEL = "-O";
				VALIDATE_PRODUCT = YES;
			};
			name = Release;
		};
		E94B944224B01F030022E19C /* Debug */ = {
			isa = XCBuildConfiguration;
			buildSettings = {
				ASSETCATALOG_COMPILER_APPICON_NAME = AppIcon;
				ASSETCATALOG_COMPILER_GLOBAL_ACCENT_COLOR_NAME = AccentColor;
				CODE_SIGN_STYLE = Automatic;
				DEVELOPMENT_ASSET_PATHS = "\"SearchBarListView/Preview Content\"";
				ENABLE_PREVIEWS = YES;
				INFOPLIST_FILE = SearchBarListView/Info.plist;
				IPHONEOS_DEPLOYMENT_TARGET = 14.0;
				LD_RUNPATH_SEARCH_PATHS = (
					"$(inherited)",
					"@executable_path/Frameworks",
				);
				PRODUCT_BUNDLE_IDENTIFIER = com.thanhsangvo.SearchBarListView;
				PRODUCT_NAME = "$(TARGET_NAME)";
				SWIFT_VERSION = 5.0;
				TARGETED_DEVICE_FAMILY = "1,2";
			};
			name = Debug;
		};
		E94B944324B01F030022E19C /* Release */ = {
			isa = XCBuildConfiguration;
			buildSettings = {
				ASSETCATALOG_COMPILER_APPICON_NAME = AppIcon;
				ASSETCATALOG_COMPILER_GLOBAL_ACCENT_COLOR_NAME = AccentColor;
				CODE_SIGN_STYLE = Automatic;
				DEVELOPMENT_ASSET_PATHS = "\"SearchBarListView/Preview Content\"";
				ENABLE_PREVIEWS = YES;
				INFOPLIST_FILE = SearchBarListView/Info.plist;
				IPHONEOS_DEPLOYMENT_TARGET = 14.0;
				LD_RUNPATH_SEARCH_PATHS = (
					"$(inherited)",
					"@executable_path/Frameworks",
				);
				PRODUCT_BUNDLE_IDENTIFIER = com.thanhsangvo.SearchBarListView;
				PRODUCT_NAME = "$(TARGET_NAME)";
				SWIFT_VERSION = 5.0;
				TARGETED_DEVICE_FAMILY = "1,2";
			};
			name = Release;
		};
/* End XCBuildConfiguration section */

/* Begin XCConfigurationList section */
		E94B942D24B01F010022E19C /* Build configuration list for PBXProject "SearchBarListView" */ = {
			isa = XCConfigurationList;
			buildConfigurations = (
				E94B943F24B01F030022E19C /* Debug */,
				E94B944024B01F030022E19C /* Release */,
			);
			defaultConfigurationIsVisible = 0;
			defaultConfigurationName = Release;
		};
		E94B944124B01F030022E19C /* Build configuration list for PBXNativeTarget "SearchBarListView" */ = {
			isa = XCConfigurationList;
			buildConfigurations = (
				E94B944224B01F030022E19C /* Debug */,
				E94B944324B01F030022E19C /* Release */,
			);
			defaultConfigurationIsVisible = 0;
			defaultConfigurationName = Release;
		};
/* End XCConfigurationList section */
	};
	rootObject = E94B942A24B01F010022E19C /* Project object */;
}
